
Microsoft Visual Studio Solution File, Format Version 11.00
# Visual Studio 2010
Project("{FAE04EC0-301F-11D3-BF4B-00C04F79EFBC}") = "UniTask", "UniTask.csproj", "{93ec6794-1433-23b6-c5f0-ea8c4f044c54}"
EndProject
Project("{FAE04EC0-301F-11D3-BF4B-00C04F79EFBC}") = "UniTask.Linq", "UniTask.Linq.csproj", "{0d54b3b1-23b8-927e-204e-adab24a215e1}"
EndProject
Project("{FAE04EC0-301F-11D3-BF4B-00C04F79EFBC}") = "Assembly-CSharp", "Assembly-CSharp.csproj", "{24785fa2-7458-360a-dfd7-2544f7d993b7}"
EndProject
Project("{FAE04EC0-301F-11D3-BF4B-00C04F79EFBC}") = "UniTask.DOTween", "UniTask.DOTween.csproj", "{9c4db71e-408a-1f09-2c39-3b30b7246ea6}"
EndProject
Project("{FAE04EC0-301F-11D3-BF4B-00C04F79EFBC}") = "UniTask.TextMeshPro", "UniTask.TextMeshPro.csproj", "{8c0837c3-c05c-6c6c-9efe-ab355c3634d0}"
EndProject
Project("{FAE04EC0-301F-11D3-BF4B-00C04F79EFBC}") = "UniTask.Addressables", "UniTask.Addressables.csproj", "{f7b1acfb-8ff8-1f02-78e6-8c2ba13c0be3}"
EndProject
Project("{FAE04EC0-301F-11D3-BF4B-00C04F79EFBC}") = "UniTask.Editor", "UniTask.Editor.csproj", "{320680b2-db49-13a3-7dfc-fbd950a57feb}"
EndProject
Project("{FAE04EC0-301F-11D3-BF4B-00C04F79EFBC}") = "Assembly-CSharp-firstpass", "Assembly-CSharp-firstpass.csproj", "{b09ebb75-6dbf-07f1-e52f-0ded1760f71f}"
EndProject
Global
	GlobalSection(SolutionConfigurationPlatforms) = preSolution
		Debug|Any CPU = Debug|Any CPU
	EndGlobalSection
	GlobalSection(ProjectConfigurationPlatforms) = postSolution
		{93ec6794-1433-23b6-c5f0-ea8c4f044c54}.Debug|Any CPU.ActiveCfg = Debug|Any CPU
		{93ec6794-1433-23b6-c5f0-ea8c4f044c54}.Debug|Any CPU.Build.0 = Debug|Any CPU
		{0d54b3b1-23b8-927e-204e-adab24a215e1}.Debug|Any CPU.ActiveCfg = Debug|Any CPU
		{0d54b3b1-23b8-927e-204e-adab24a215e1}.Debug|Any CPU.Build.0 = Debug|Any CPU
		{24785fa2-7458-360a-dfd7-2544f7d993b7}.Debug|Any CPU.ActiveCfg = Debug|Any CPU
		{24785fa2-7458-360a-dfd7-2544f7d993b7}.Debug|Any CPU.Build.0 = Debug|Any CPU
		{9c4db71e-408a-1f09-2c39-3b30b7246ea6}.Debug|Any CPU.ActiveCfg = Debug|Any CPU
		{9c4db71e-408a-1f09-2c39-3b30b7246ea6}.Debug|Any CPU.Build.0 = Debug|Any CPU
		{8c0837c3-c05c-6c6c-9efe-ab355c3634d0}.Debug|Any CPU.ActiveCfg = Debug|Any CPU
		{8c0837c3-c05c-6c6c-9efe-ab355c3634d0}.Debug|Any CPU.Build.0 = Debug|Any CPU
		{f7b1acfb-8ff8-1f02-78e6-8c2ba13c0be3}.Debug|Any CPU.ActiveCfg = Debug|Any CPU
		{f7b1acfb-8ff8-1f02-78e6-8c2ba13c0be3}.Debug|Any CPU.Build.0 = Debug|Any CPU
		{320680b2-db49-13a3-7dfc-fbd950a57feb}.Debug|Any CPU.ActiveCfg = Debug|Any CPU
		{320680b2-db49-13a3-7dfc-fbd950a57feb}.Debug|Any CPU.Build.0 = Debug|Any CPU
		{b09ebb75-6dbf-07f1-e52f-0ded1760f71f}.Debug|Any CPU.ActiveCfg = Debug|Any CPU
		{b09ebb75-6dbf-07f1-e52f-0ded1760f71f}.Debug|Any CPU.Build.0 = Debug|Any CPU
	EndGlobalSection
	GlobalSection(SolutionProperties) = preSolution
		HideSolutionNode = FALSE
	EndGlobalSection
EndGlobal
